// !$*UTF8*$!
{
	archiveVersion = 1;
	classes = {
	};
	objectVersion = 50;
	objects = {

/* Begin PBXBuildFile section */
		EC048C3525DFDA330078CF84 /* GameBoard.swift in Sources */ = {isa = PBXBuildFile; fileRef = EC048C3425DFDA330078CF84 /* GameBoard.swift */; };
		EC2A3A7325E7E59B00A47337 /* Animations.swift in Sources */ = {isa = PBXBuildFile; fileRef = EC2A3A7225E7E59B00A47337 /* Animations.swift */; };
		EC57670025BAC38B00602C9C /* AppDelegate.swift in Sources */ = {isa = PBXBuildFile; fileRef = EC5766FF25BAC38B00602C9C /* AppDelegate.swift */; };
		EC57670425BAC38B00602C9C /* ViewController.swift in Sources */ = {isa = PBXBuildFile; fileRef = EC57670325BAC38B00602C9C /* ViewController.swift */; };
		EC57670925BAC39200602C9C /* Assets.xcassets in Resources */ = {isa = PBXBuildFile; fileRef = EC57670825BAC39200602C9C /* Assets.xcassets */; };
		EC57670C25BAC39200602C9C /* LaunchScreen.storyboard in Resources */ = {isa = PBXBuildFile; fileRef = EC57670A25BAC39200602C9C /* LaunchScreen.storyboard */; };
		ECD0D70D25BB158B00AC6DFA /* Circle.swift in Sources */ = {isa = PBXBuildFile; fileRef = ECD0D70C25BB158B00AC6DFA /* Circle.swift */; };
		ECD0D72625BB29BC00AC6DFA /* Cell.swift in Sources */ = {isa = PBXBuildFile; fileRef = ECD0D72525BB29BC00AC6DFA /* Cell.swift */; };
		ECD0D72925BB36BB00AC6DFA /* Constants.swift in Sources */ = {isa = PBXBuildFile; fileRef = ECD0D72825BB36BB00AC6DFA /* Constants.swift */; };
/* End PBXBuildFile section */

/* Begin PBXFileReference section */
		EC048C3425DFDA330078CF84 /* GameBoard.swift */ = {isa = PBXFileReference; lastKnownFileType = sourcecode.swift; path = GameBoard.swift; sourceTree = "<group>"; };
		EC2A3A7225E7E59B00A47337 /* Animations.swift */ = {isa = PBXFileReference; lastKnownFileType = sourcecode.swift; path = Animations.swift; sourceTree = "<group>"; };
		EC5766FC25BAC38B00602C9C /* Four in a row.app */ = {isa = PBXFileReference; explicitFileType = wrapper.application; includeInIndex = 0; path = "Four in a row.app"; sourceTree = BUILT_PRODUCTS_DIR; };
		EC5766FF25BAC38B00602C9C /* AppDelegate.swift */ = {isa = PBXFileReference; lastKnownFileType = sourcecode.swift; path = AppDelegate.swift; sourceTree = "<group>"; };
		EC57670325BAC38B00602C9C /* ViewController.swift */ = {isa = PBXFileReference; lastKnownFileType = sourcecode.swift; path = ViewController.swift; sourceTree = "<group>"; };
		EC57670825BAC39200602C9C /* Assets.xcassets */ = {isa = PBXFileReference; lastKnownFileType = folder.assetcatalog; path = Assets.xcassets; sourceTree = "<group>"; };
		EC57670B25BAC39200602C9C /* Base */ = {isa = PBXFileReference; lastKnownFileType = file.storyboard; name = Base; path = Base.lproj/LaunchScreen.storyboard; sourceTree = "<group>"; };
		EC57670D25BAC39200602C9C /* Info.plist */ = {isa = PBXFileReference; lastKnownFileType = text.plist.xml; path = Info.plist; sourceTree = "<group>"; };
		ECD0D70C25BB158B00AC6DFA /* Circle.swift */ = {isa = PBXFileReference; lastKnownFileType = sourcecode.swift; path = Circle.swift; sourceTree = "<group>"; };
		ECD0D72525BB29BC00AC6DFA /* Cell.swift */ = {isa = PBXFileReference; lastKnownFileType = sourcecode.swift; path = Cell.swift; sourceTree = "<group>"; };
		ECD0D72825BB36BB00AC6DFA /* Constants.swift */ = {isa = PBXFileReference; lastKnownFileType = sourcecode.swift; path = Constants.swift; sourceTree = "<group>"; };
/* End PBXFileReference section */

/* Begin PBXFrameworksBuildPhase section */
		EC5766F925BAC38B00602C9C /* Frameworks */ = {
			isa = PBXFrameworksBuildPhase;
			buildActionMask = 2147483647;
			files = (
			);
			runOnlyForDeploymentPostprocessing = 0;
		};
/* End PBXFrameworksBuildPhase section */

/* Begin PBXGroup section */
		EC5766F325BAC38B00602C9C = {
			isa = PBXGroup;
			children = (
				EC5766FE25BAC38B00602C9C /* Four in a row */,
				EC5766FD25BAC38B00602C9C /* Products */,
			);
			sourceTree = "<group>";
		};
		EC5766FD25BAC38B00602C9C /* Products */ = {
			isa = PBXGroup;
			children = (
				EC5766FC25BAC38B00602C9C /* Four in a row.app */,
			);
			name = Products;
			sourceTree = "<group>";
		};
		EC5766FE25BAC38B00602C9C /* Four in a row */ = {
			isa = PBXGroup;
			children = (
				EC5766FF25BAC38B00602C9C /* AppDelegate.swift */,
				EC57670325BAC38B00602C9C /* ViewController.swift */,
				ECD0D70C25BB158B00AC6DFA /* Circle.swift */,
				ECD0D72525BB29BC00AC6DFA /* Cell.swift */,
				EC048C3425DFDA330078CF84 /* GameBoard.swift */,
				ECD0D72825BB36BB00AC6DFA /* Constants.swift */,
				EC2A3A7225E7E59B00A47337 /* Animations.swift */,
				EC57670825BAC39200602C9C /* Assets.xcassets */,
				EC57670A25BAC39200602C9C /* LaunchScreen.storyboard */,
				EC57670D25BAC39200602C9C /* Info.plist */,
			);
			path = "Four in a row";
			sourceTree = "<group>";
		};
/* End PBXGroup section */

/* Begin PBXNativeTarget section */
		EC5766FB25BAC38B00602C9C /* Four in a row */ = {
			isa = PBXNativeTarget;
			buildConfigurationList = EC57672625BAC39200602C9C /* Build configuration list for PBXNativeTarget "Four in a row" */;
			buildPhases = (
				EC5766F825BAC38B00602C9C /* Sources */,
				EC5766F925BAC38B00602C9C /* Frameworks */,
				EC5766FA25BAC38B00602C9C /* Resources */,
			);
			buildRules = (
			);
			dependencies = (
			);
			name = "Four in a row";
			productName = "Four in a row";
			productReference = EC5766FC25BAC38B00602C9C /* Four in a row.app */;
			productType = "com.apple.product-type.application";
		};
/* End PBXNativeTarget section */

/* Begin PBXProject section */
		EC5766F425BAC38B00602C9C /* Project object */ = {
			isa = PBXProject;
			attributes = {
				LastSwiftUpdateCheck = 1230;
				LastUpgradeCheck = 1230;
				TargetAttributes = {
					EC5766FB25BAC38B00602C9C = {
						CreatedOnToolsVersion = 12.3;
					};
				};
			};
			buildConfigurationList = EC5766F725BAC38B00602C9C /* Build configuration list for PBXProject "Four in a row" */;
			compatibilityVersion = "Xcode 9.3";
			developmentRegion = en;
			hasScannedForEncodings = 0;
			knownRegions = (
				en,
				Base,
			);
			mainGroup = EC5766F325BAC38B00602C9C;
			productRefGroup = EC5766FD25BAC38B00602C9C /* Products */;
			projectDirPath = "";
			projectRoot = "";
			targets = (
				EC5766FB25BAC38B00602C9C /* Four in a row */,
			);
		};
/* End PBXProject section */

/* Begin PBXResourcesBuildPhase section */
		EC5766FA25BAC38B00602C9C /* Resources */ = {
			isa = PBXResourcesBuildPhase;
			buildActionMask = 2147483647;
			files = (
				EC57670C25BAC39200602C9C /* LaunchScreen.storyboard in Resources */,
				EC57670925BAC39200602C9C /* Assets.xcassets in Resources */,
			);
			runOnlyForDeploymentPostprocessing = 0;
		};
/* End PBXResourcesBuildPhase section */

/* Begin PBXSourcesBuildPhase section */
		EC5766F825BAC38B00602C9C /* Sources */ = {
			isa = PBXSourcesBuildPhase;
			buildActionMask = 2147483647;
			files = (
				ECD0D72925BB36BB00AC6DFA /* Constants.swift in Sources */,
				EC57670425BAC38B00602C9C /* ViewController.swift in Sources */,
				ECD0D72625BB29BC00AC6DFA /* Cell.swift in Sources */,
				ECD0D70D25BB158B00AC6DFA /* Circle.swift in Sources */,
				EC048C3525DFDA330078CF84 /* GameBoard.swift in Sources */,
				EC57670025BAC38B00602C9C /* AppDelegate.swift in Sources */,
				EC2A3A7325E7E59B00A47337 /* Animations.swift in Sources */,
			);
			runOnlyForDeploymentPostprocessing = 0;
		};
/* End PBXSourcesBuildPhase section */

/* Begin PBXVariantGroup section */
		EC57670A25BAC39200602C9C /* LaunchScreen.storyboard */ = {
			isa = PBXVariantGroup;
			children = (
				EC57670B25BAC39200602C9C /* Base */,
			);
			name = LaunchScreen.storyboard;
			sourceTree = "<group>";
		};
/* End PBXVariantGroup section */

/* Begin XCBuildConfiguration section */
		EC57672425BAC39200602C9C /* Debug */ = {
			isa = XCBuildConfiguration;
			buildSettings = {
				ALWAYS_SEARCH_USER_PATHS = NO;
				CLANG_ANALYZER_NONNULL = YES;
				CLANG_ANALYZER_NUMBER_OBJECT_CONVERSION = YES_AGGRESSIVE;
				CLANG_CXX_LANGUAGE_STANDARD = "gnu++14";
				CLANG_CXX_LIBRARY = "libc++";
				CLANG_ENABLE_MODULES = YES;
				CLANG_ENABLE_OBJC_ARC = YES;
				CLANG_ENABLE_OBJC_WEAK = YES;
				CLANG_WARN_BLOCK_CAPTURE_AUTORELEASING = YES;
				CLANG_WARN_BOOL_CONVERSION = YES;
				CLANG_WARN_COMMA = YES;
				CLANG_WARN_CONSTANT_CONVERSION = YES;
				CLANG_WARN_DEPRECATED_OBJC_IMPLEMENTATIONS = YES;
				CLANG_WARN_DIRECT_OBJC_ISA_USAGE = YES_ERROR;
				CLANG_WARN_DOCUMENTATION_COMMENTS = YES;
				CLANG_WARN_EMPTY_BODY = YES;
				CLANG_WARN_ENUM_CONVERSION = YES;
				CLANG_WARN_INFINITE_RECURSION = YES;
				CLANG_WARN_INT_CONVERSION = YES;
				CLANG_WARN_NON_LITERAL_NULL_CONVERSION = YES;
				CLANG_WARN_OBJC_IMPLICIT_RETAIN_SELF = YES;
				CLANG_WARN_OBJC_LITERAL_CONVERSION = YES;
				CLANG_WARN_OBJC_ROOT_CLASS = YES_ERROR;
				CLANG_WARN_QUOTED_INCLUDE_IN_FRAMEWORK_HEADER = YES;
				CLANG_WARN_RANGE_LOOP_ANALYSIS = YES;
				CLANG_WARN_STRICT_PROTOTYPES = YES;
				CLANG_WARN_SUSPICIOUS_MOVE = YES;
				CLANG_WARN_UNGUARDED_AVAILABILITY = YES_AGGRESSIVE;
				CLANG_WARN_UNREACHABLE_CODE = YES;
				CLANG_WARN__DUPLICATE_METHOD_MATCH = YES;
				COPY_PHASE_STRIP = NO;
				DEBUG_INFORMATION_FORMAT = dwarf;
				ENABLE_STRICT_OBJC_MSGSEND = YES;
				ENABLE_TESTABILITY = YES;
				GCC_C_LANGUAGE_STANDARD = gnu11;
				GCC_DYNAMIC_NO_PIC = NO;
				GCC_NO_COMMON_BLOCKS = YES;
				GCC_OPTIMIZATION_LEVEL = 0;
				GCC_PREPROCESSOR_DEFINITIONS = (
					"DEBUG=1",
					"$(inherited)",
				);
				GCC_WARN_64_TO_32_BIT_CONVERSION = YES;
				GCC_WARN_ABOUT_RETURN_TYPE = YES_ERROR;
				GCC_WARN_UNDECLARED_SELECTOR = YES;
				GCC_WARN_UNINITIALIZED_AUTOS = YES_AGGRESSIVE;
				GCC_WARN_UNUSED_FUNCTION = YES;
				GCC_WARN_UNUSED_VARIABLE = YES;
				IPHONEOS_DEPLOYMENT_TARGET = 14.0;
				MTL_ENABLE_DEBUG_INFO = INCLUDE_SOURCE;
				MTL_FAST_MATH = YES;
				ONLY_ACTIVE_ARCH = YES;
				SDKROOT = iphoneos;
				SWIFT_ACTIVE_COMPILATION_CONDITIONS = DEBUG;
				SWIFT_OPTIMIZATION_LEVEL = "-Onone";
			};
			name = Debug;
		};
		EC57672525BAC39200602C9C /* Release */ = {
			isa = XCBuildConfiguration;
			buildSettings = {
				ALWAYS_SEARCH_USER_PATHS = NO;
				CLANG_ANALYZER_NONNULL = YES;
				CLANG_ANALYZER_NUMBER_OBJECT_CONVERSION = YES_AGGRESSIVE;
				CLANG_CXX_LANGUAGE_STANDARD = "gnu++14";
				CLANG_CXX_LIBRARY = "libc++";
				CLANG_ENABLE_MODULES = YES;
				CLANG_ENABLE_OBJC_ARC = YES;
				CLANG_ENABLE_OBJC_WEAK = YES;
				CLANG_WARN_BLOCK_CAPTURE_AUTORELEASING = YES;
				CLANG_WARN_BOOL_CONVERSION = YES;
				CLANG_WARN_COMMA = YES;
				CLANG_WARN_CONSTANT_CONVERSION = YES;
				CLANG_WARN_DEPRECATED_OBJC_IMPLEMENTATIONS = YES;
				CLANG_WARN_DIRECT_OBJC_ISA_USAGE = YES_ERROR;
				CLANG_WARN_DOCUMENTATION_COMMENTS = YES;
				CLANG_WARN_EMPTY_BODY = YES;
				CLANG_WARN_ENUM_CONVERSION = YES;
				CLANG_WARN_INFINITE_RECURSION = YES;
				CLANG_WARN_INT_CONVERSION = YES;
				CLANG_WARN_NON_LITERAL_NULL_CONVERSION = YES;
				CLANG_WARN_OBJC_IMPLICIT_RETAIN_SELF = YES;
				CLANG_WARN_OBJC_LITERAL_CONVERSION = YES;
				CLANG_WARN_OBJC_ROOT_CLASS = YES_ERROR;
				CLANG_WARN_QUOTED_INCLUDE_IN_FRAMEWORK_HEADER = YES;
				CLANG_WARN_RANGE_LOOP_ANALYSIS = YES;
				CLANG_WARN_STRICT_PROTOTYPES = YES;
				CLANG_WARN_SUSPICIOUS_MOVE = YES;
				CLANG_WARN_UNGUARDED_AVAILABILITY = YES_AGGRESSIVE;
				CLANG_WARN_UNREACHABLE_CODE = YES;
				CLANG_WARN__DUPLICATE_METHOD_MATCH = YES;
				COPY_PHASE_STRIP = NO;
				DEBUG_INFORMATION_FORMAT = "dwarf-with-dsym";
				ENABLE_NS_ASSERTIONS = NO;
				ENABLE_STRICT_OBJC_MSGSEND = YES;
				GCC_C_LANGUAGE_STANDARD = gnu11;
				GCC_NO_COMMON_BLOCKS = YES;
				GCC_WARN_64_TO_32_BIT_CONVERSION = YES;
				GCC_WARN_ABOUT_RETURN_TYPE = YES_ERROR;
				GCC_WARN_UNDECLARED_SELECTOR = YES;
				GCC_WARN_UNINITIALIZED_AUTOS = YES_AGGRESSIVE;
				GCC_WARN_UNUSED_FUNCTION = YES;
				GCC_WARN_UNUSED_VARIABLE = YES;
				IPHONEOS_DEPLOYMENT_TARGET = 14.0;
				MTL_ENABLE_DEBUG_INFO = NO;
				MTL_FAST_MATH = YES;
				SDKROOT = iphoneos;
				SWIFT_COMPILATION_MODE = wholemodule;
				SWIFT_OPTIMIZATION_LEVEL = "-O";
				VALIDATE_PRODUCT = YES;
			};
			name = Release;
		};
		EC57672725BAC39200602C9C /* Debug */ = {
			isa = XCBuildConfiguration;
			buildSettings = {
				ASSETCATALOG_COMPILER_APPICON_NAME = AppIcon;
				ASSETCATALOG_COMPILER_GLOBAL_ACCENT_COLOR_NAME = AccentColor;
				CODE_SIGN_STYLE = Automatic;
				DEVELOPMENT_TEAM = 9Z347TUD92;
				INFOPLIST_FILE = "Four in a row/Info.plist";
				IPHONEOS_DEPLOYMENT_TARGET = 14.0;
				LD_RUNPATH_SEARCH_PATHS = (
					"$(inherited)",
					"@executable_path/Frameworks",
				);
				PRODUCT_BUNDLE_IDENTIFIER = "Leplasak.Four-in-a-row";
				PRODUCT_NAME = "$(TARGET_NAME)";
				SWIFT_VERSION = 5.0;
				TARGETED_DEVICE_FAMILY = 1;
			};
			name = Debug;
		};
		EC57672825BAC39200602C9C /* Release */ = {
			isa = XCBuildConfiguration;
			buildSettings = {
				ASSETCATALOG_COMPILER_APPICON_NAME = AppIcon;
				ASSETCATALOG_COMPILER_GLOBAL_ACCENT_COLOR_NAME = AccentColor;
				CODE_SIGN_STYLE = Automatic;
				DEVELOPMENT_TEAM = 9Z347TUD92;
				INFOPLIST_FILE = "Four in a row/Info.plist";
				IPHONEOS_DEPLOYMENT_TARGET = 14.0;
				LD_RUNPATH_SEARCH_PATHS = (
					"$(inherited)",
					"@executable_path/Frameworks",
				);
				PRODUCT_BUNDLE_IDENTIFIER = "Leplasak.Four-in-a-row";
				PRODUCT_NAME = "$(TARGET_NAME)";
				SWIFT_VERSION = 5.0;
				TARGETED_DEVICE_FAMILY = 1;
			};
			name = Release;
		};
/* End XCBuildConfiguration section */

/* Begin XCConfigurationList section */
		EC5766F725BAC38B00602C9C /* Build configuration list for PBXProject "Four in a row" */ = {
			isa = XCConfigurationList;
			buildConfigurations = (
				EC57672425BAC39200602C9C /* Debug */,
				EC57672525BAC39200602C9C /* Release */,
			);
			defaultConfigurationIsVisible = 0;
			defaultConfigurationName = Release;
		};
		EC57672625BAC39200602C9C /* Build configuration list for PBXNativeTarget "Four in a row" */ = {
			isa = XCConfigurationList;
			buildConfigurations = (
				EC57672725BAC39200602C9C /* Debug */,
				EC57672825BAC39200602C9C /* Release */,
			);
			defaultConfigurationIsVisible = 0;
			defaultConfigurationName = Release;
		};
/* End XCConfigurationList section */
	};
	rootObject = EC5766F425BAC38B00602C9C /* Project object */;
}
